[[package]]
name = "pygame-ce"
version = "2.3.2"
description = "Python Game Development"
category = "main"
optional = false
python-versions = ">=3.7"

[metadata]
lock-version = "1.1"
python-versions = "^3.10"
content-hash = "772552d48aa433e8bbdc8871f8fa672305c59f259ccd36f34a4a87c2861a9d5e"

[metadata.files]
pygame-ce = []
